
Microsoft Visual Studio Solution File, Format Version 12.00
# Visual Studio Version 18
VisualStudioVersion = 18.5.11723.231
MinimumVisualStudioVersion = 10.0.40219.1
Project("{9A19103F-16F7-4668-BE54-9A1E7A4F7556}") = "DebugStudio.Contracts", "src\DebugStudio.Contracts\DebugStudio.Contracts.csproj", "{4D5D00E3-2F5D-4AD2-8E5D-4645D1B1032B}"
EndProject
Project("{9A19103F-16F7-4668-BE54-9A1E7A4F7556}") = "DebugStudio.Client", "src\DebugStudio.Client\DebugStudio.Client.csproj", "{3E93E649-B2D4-4C94-97F1-5DCDCAFCFAA1}"
EndProject
Project("{9A19103F-16F7-4668-BE54-9A1E7A4F7556}") = "DebugStudio.App", "src\DebugStudio.App\DebugStudio.App.csproj", "{1D8B9A0B-947A-4E4A-8B78-70239EAA3D0A}"
EndProject
Project("{2150E333-8FDC-42A3-9474-1A3956D46DE8}") = "tests", "tests", "{0AB3BF05-4346-4AA6-1389-037BE0695223}"
EndProject
Project("{FAE04EC0-301F-11D3-BF4B-00C04F79EFBC}") = "DebugStudio.Contracts.Tests", "tests\DebugStudio.Contracts.Tests\DebugStudio.Contracts.Tests.csproj", "{6F39086F-6177-41E5-8510-1AAB907C0EA7}"
EndProject
Project("{2150E333-8FDC-42A3-9474-1A3956D46DE8}") = "src", "src", "{827E0CD3-B72D-47B6-A68D-7590B98EB39B}"
EndProject
Project("{FAE04EC0-301F-11D3-BF4B-00C04F79EFBC}") = "DebugStudio.App.Tests", "tests\DebugStudio.App.Tests\DebugStudio.App.Tests.csproj", "{1A04AF39-9617-4534-AE17-8EC786FF541D}"
EndProject
Project("{FAE04EC0-301F-11D3-BF4B-00C04F79EFBC}") = "DebugStudio.Export", "src\DebugStudio.Export\DebugStudio.Export.csproj", "{AC67E90B-2EE0-495C-8F9B-EB3E083C9548}"
EndProject
Project("{FAE04EC0-301F-11D3-BF4B-00C04F79EFBC}") = "DebugStudio.Export.Tests", "tests\DebugStudio.Export.Tests\DebugStudio.Export.Tests.csproj", "{28B2B945-61A8-4186-AEEA-9F14B6A4D985}"
EndProject
Project("{FAE04EC0-301F-11D3-BF4B-00C04F79EFBC}") = "DebugStudio.Server", "src\DebugStudio.Server\DebugStudio.Server\DebugStudio.Server.csproj", "{F90CCF2E-122B-453C-BA5E-DB68C8681564}"
EndProject
Project("{FAE04EC0-301F-11D3-BF4B-00C04F79EFBC}") = "DebugStudio.Server.Tests", "tests\DebugStudio.Server.Tests\DebugStudio.Server.Tests\DebugStudio.Server.Tests.csproj", "{A992A08F-A0B7-4448-84C8-8EED8CB8F3F2}"
EndProject
Project("{FAE04EC0-301F-11D3-BF4B-00C04F79EFBC}") = "DebugStudio.Cli", "src\DebugStudio.Cli\DebugStudio.Cli.csproj", "{4DA43061-5122-45F8-AE8F-4676B51D335C}"
EndProject
Project("{FAE04EC0-301F-11D3-BF4B-00C04F79EFBC}") = "DebugStudio.Cli.Tests", "tests\DebugStudio.Cli.Tests\DebugStudio.Cli.Tests.csproj", "{031D2C56-3ABF-429A-9D6B-F790A7B7B1ED}"
EndProject
Project("{FAE04EC0-301F-11D3-BF4B-00C04F79EFBC}") = "DebugStudio.ElasticArtifactGen", "src\DebugStudio.ElasticArtifactGen\DebugStudio.ElasticArtifactGen.csproj", "{04AE53DC-D2AB-4B75-9886-0EC4340AD6CE}"
EndProject
Global
	GlobalSection(SolutionConfigurationPlatforms) = preSolution
		Debug|Any CPU = Debug|Any CPU
		Debug|x64 = Debug|x64
		Debug|x86 = Debug|x86
		Release|Any CPU = Release|Any CPU
		Release|x64 = Release|x64
		Release|x86 = Release|x86
	EndGlobalSection
	GlobalSection(ProjectConfigurationPlatforms) = postSolution
		{4D5D00E3-2F5D-4AD2-8E5D-4645D1B1032B}.Debug|Any CPU.ActiveCfg = Debug|Any CPU
		{4D5D00E3-2F5D-4AD2-8E5D-4645D1B1032B}.Debug|Any CPU.Build.0 = Debug|Any CPU
		{4D5D00E3-2F5D-4AD2-8E5D-4645D1B1032B}.Debug|x64.ActiveCfg = Debug|Any CPU
		{4D5D00E3-2F5D-4AD2-8E5D-4645D1B1032B}.Debug|x64.Build.0 = Debug|Any CPU
		{4D5D00E3-2F5D-4AD2-8E5D-4645D1B1032B}.Debug|x86.ActiveCfg = Debug|Any CPU
		{4D5D00E3-2F5D-4AD2-8E5D-4645D1B1032B}.Debug|x86.Build.0 = Debug|Any CPU
		{4D5D00E3-2F5D-4AD2-8E5D-4645D1B1032B}.Release|Any CPU.ActiveCfg = Release|Any CPU
		{4D5D00E3-2F5D-4AD2-8E5D-4645D1B1032B}.Release|Any CPU.Build.0 = Release|Any CPU
		{4D5D00E3-2F5D-4AD2-8E5D-4645D1B1032B}.Release|x64.ActiveCfg = Release|Any CPU
		{4D5D00E3-2F5D-4AD2-8E5D-4645D1B1032B}.Release|x64.Build.0 = Release|Any CPU
		{4D5D00E3-2F5D-4AD2-8E5D-4645D1B1032B}.Release|x86.ActiveCfg = Release|Any CPU
		{4D5D00E3-2F5D-4AD2-8E5D-4645D1B1032B}.Release|x86.Build.0 = Release|Any CPU
		{3E93E649-B2D4-4C94-97F1-5DCDCAFCFAA1}.Debug|Any CPU.ActiveCfg = Debug|Any CPU
		{3E93E649-B2D4-4C94-97F1-5DCDCAFCFAA1}.Debug|Any CPU.Build.0 = Debug|Any CPU
		{3E93E649-B2D4-4C94-97F1-5DCDCAFCFAA1}.Debug|x64.ActiveCfg = Debug|Any CPU
		{3E93E649-B2D4-4C94-97F1-5DCDCAFCFAA1}.Debug|x64.Build.0 = Debug|Any CPU
		{3E93E649-B2D4-4C94-97F1-5DCDCAFCFAA1}.Debug|x86.ActiveCfg = Debug|Any CPU
		{3E93E649-B2D4-4C94-97F1-5DCDCAFCFAA1}.Debug|x86.Build.0 = Debug|Any CPU
		{3E93E649-B2D4-4C94-97F1-5DCDCAFCFAA1}.Release|Any CPU.ActiveCfg = Release|Any CPU
		{3E93E649-B2D4-4C94-97F1-5DCDCAFCFAA1}.Release|Any CPU.Build.0 = Release|Any CPU
		{3E93E649-B2D4-4C94-97F1-5DCDCAFCFAA1}.Release|x64.ActiveCfg = Release|Any CPU
		{3E93E649-B2D4-4C94-97F1-5DCDCAFCFAA1}.Release|x64.Build.0 = Release|Any CPU
		{3E93E649-B2D4-4C94-97F1-5DCDCAFCFAA1}.Release|x86.ActiveCfg = Release|Any CPU
		{3E93E649-B2D4-4C94-97F1-5DCDCAFCFAA1}.Release|x86.Build.0 = Release|Any CPU
		{1D8B9A0B-947A-4E4A-8B78-70239EAA3D0A}.Debug|Any CPU.ActiveCfg = Debug|Any CPU
		{1D8B9A0B-947A-4E4A-8B78-70239EAA3D0A}.Debug|Any CPU.Build.0 = Debug|Any CPU
		{1D8B9A0B-947A-4E4A-8B78-70239EAA3D0A}.Debug|x64.ActiveCfg = Debug|Any CPU
		{1D8B9A0B-947A-4E4A-8B78-70239EAA3D0A}.Debug|x64.Build.0 = Debug|Any CPU
		{1D8B9A0B-947A-4E4A-8B78-70239EAA3D0A}.Debug|x86.ActiveCfg = Debug|Any CPU
		{1D8B9A0B-947A-4E4A-8B78-70239EAA3D0A}.Debug|x86.Build.0 = Debug|Any CPU
		{1D8B9A0B-947A-4E4A-8B78-70239EAA3D0A}.Release|Any CPU.ActiveCfg = Release|Any CPU
		{1D8B9A0B-947A-4E4A-8B78-70239EAA3D0A}.Release|Any CPU.Build.0 = Release|Any CPU
		{1D8B9A0B-947A-4E4A-8B78-70239EAA3D0A}.Release|x64.ActiveCfg = Release|Any CPU
		{1D8B9A0B-947A-4E4A-8B78-70239EAA3D0A}.Release|x64.Build.0 = Release|Any CPU
		{1D8B9A0B-947A-4E4A-8B78-70239EAA3D0A}.Release|x86.ActiveCfg = Release|Any CPU
		{1D8B9A0B-947A-4E4A-8B78-70239EAA3D0A}.Release|x86.Build.0 = Release|Any CPU
		{6F39086F-6177-41E5-8510-1AAB907C0EA7}.Debug|Any CPU.ActiveCfg = Debug|Any CPU
		{6F39086F-6177-41E5-8510-1AAB907C0EA7}.Debug|Any CPU.Build.0 = Debug|Any CPU
		{6F39086F-6177-41E5-8510-1AAB907C0EA7}.Debug|x64.ActiveCfg = Debug|Any CPU
		{6F39086F-6177-41E5-8510-1AAB907C0EA7}.Debug|x64.Build.0 = Debug|Any CPU
		{6F39086F-6177-41E5-8510-1AAB907C0EA7}.Debug|x86.ActiveCfg = Debug|Any CPU
		{6F39086F-6177-41E5-8510-1AAB907C0EA7}.Debug|x86.Build.0 = Debug|Any CPU
		{6F39086F-6177-41E5-8510-1AAB907C0EA7}.Release|Any CPU.ActiveCfg = Release|Any CPU
		{6F39086F-6177-41E5-8510-1AAB907C0EA7}.Release|Any CPU.Build.0 = Release|Any CPU
		{6F39086F-6177-41E5-8510-1AAB907C0EA7}.Release|x64.ActiveCfg = Release|Any CPU
		{6F39086F-6177-41E5-8510-1AAB907C0EA7}.Release|x64.Build.0 = Release|Any CPU
		{6F39086F-6177-41E5-8510-1AAB907C0EA7}.Release|x86.ActiveCfg = Release|Any CPU
		{6F39086F-6177-41E5-8510-1AAB907C0EA7}.Release|x86.Build.0 = Release|Any CPU
		{1A04AF39-9617-4534-AE17-8EC786FF541D}.Debug|Any CPU.ActiveCfg = Debug|Any CPU
		{1A04AF39-9617-4534-AE17-8EC786FF541D}.Debug|Any CPU.Build.0 = Debug|Any CPU
		{1A04AF39-9617-4534-AE17-8EC786FF541D}.Debug|x64.ActiveCfg = Debug|Any CPU
		{1A04AF39-9617-4534-AE17-8EC786FF541D}.Debug|x64.Build.0 = Debug|Any CPU
		{1A04AF39-9617-4534-AE17-8EC786FF541D}.Debug|x86.ActiveCfg = Debug|Any CPU
		{1A04AF39-9617-4534-AE17-8EC786FF541D}.Debug|x86.Build.0 = Debug|Any CPU
		{1A04AF39-9617-4534-AE17-8EC786FF541D}.Release|Any CPU.ActiveCfg = Release|Any CPU
		{1A04AF39-9617-4534-AE17-8EC786FF541D}.Release|Any CPU.Build.0 = Release|Any CPU
		{1A04AF39-9617-4534-AE17-8EC786FF541D}.Release|x64.ActiveCfg = Release|Any CPU
		{1A04AF39-9617-4534-AE17-8EC786FF541D}.Release|x64.Build.0 = Release|Any CPU
		{1A04AF39-9617-4534-AE17-8EC786FF541D}.Release|x86.ActiveCfg = Release|Any CPU
		{1A04AF39-9617-4534-AE17-8EC786FF541D}.Release|x86.Build.0 = Release|Any CPU
		{AC67E90B-2EE0-495C-8F9B-EB3E083C9548}.Debug|Any CPU.ActiveCfg = Debug|Any CPU
		{AC67E90B-2EE0-495C-8F9B-EB3E083C9548}.Debug|Any CPU.Build.0 = Debug|Any CPU
		{AC67E90B-2EE0-495C-8F9B-EB3E083C9548}.Debug|x64.ActiveCfg = Debug|Any CPU
		{AC67E90B-2EE0-495C-8F9B-EB3E083C9548}.Debug|x64.Build.0 = Debug|Any CPU
		{AC67E90B-2EE0-495C-8F9B-EB3E083C9548}.Debug|x86.ActiveCfg = Debug|Any CPU
		{AC67E90B-2EE0-495C-8F9B-EB3E083C9548}.Debug|x86.Build.0 = Debug|Any CPU
		{AC67E90B-2EE0-495C-8F9B-EB3E083C9548}.Release|Any CPU.ActiveCfg = Release|Any CPU
		{AC67E90B-2EE0-495C-8F9B-EB3E083C9548}.Release|Any CPU.Build.0 = Release|Any CPU
		{AC67E90B-2EE0-495C-8F9B-EB3E083C9548}.Release|x64.ActiveCfg = Release|Any CPU
		{AC67E90B-2EE0-495C-8F9B-EB3E083C9548}.Release|x64.Build.0 = Release|Any CPU
		{AC67E90B-2EE0-495C-8F9B-EB3E083C9548}.Release|x86.ActiveCfg = Release|Any CPU
		{AC67E90B-2EE0-495C-8F9B-EB3E083C9548}.Release|x86.Build.0 = Release|Any CPU
		{28B2B945-61A8-4186-AEEA-9F14B6A4D985}.Debug|Any CPU.ActiveCfg = Debug|Any CPU
		{28B2B945-61A8-4186-AEEA-9F14B6A4D985}.Debug|Any CPU.Build.0 = Debug|Any CPU
		{28B2B945-61A8-4186-AEEA-9F14B6A4D985}.Debug|x64.ActiveCfg = Debug|Any CPU
		{28B2B945-61A8-4186-AEEA-9F14B6A4D985}.Debug|x64.Build.0 = Debug|Any CPU
		{28B2B945-61A8-4186-AEEA-9F14B6A4D985}.Debug|x86.ActiveCfg = Debug|Any CPU
		{28B2B945-61A8-4186-AEEA-9F14B6A4D985}.Debug|x86.Build.0 = Debug|Any CPU
		{28B2B945-61A8-4186-AEEA-9F14B6A4D985}.Release|Any CPU.ActiveCfg = Release|Any CPU
		{28B2B945-61A8-4186-AEEA-9F14B6A4D985}.Release|Any CPU.Build.0 = Release|Any CPU
		{28B2B945-61A8-4186-AEEA-9F14B6A4D985}.Release|x64.ActiveCfg = Release|Any CPU
		{28B2B945-61A8-4186-AEEA-9F14B6A4D985}.Release|x64.Build.0 = Release|Any CPU
		{28B2B945-61A8-4186-AEEA-9F14B6A4D985}.Release|x86.ActiveCfg = Release|Any CPU
		{28B2B945-61A8-4186-AEEA-9F14B6A4D985}.Release|x86.Build.0 = Release|Any CPU
		{F90CCF2E-122B-453C-BA5E-DB68C8681564}.Debug|Any CPU.ActiveCfg = Debug|Any CPU
		{F90CCF2E-122B-453C-BA5E-DB68C8681564}.Debug|Any CPU.Build.0 = Debug|Any CPU
		{F90CCF2E-122B-453C-BA5E-DB68C8681564}.Debug|x64.ActiveCfg = Debug|Any CPU
		{F90CCF2E-122B-453C-BA5E-DB68C8681564}.Debug|x64.Build.0 = Debug|Any CPU
		{F90CCF2E-122B-453C-BA5E-DB68C8681564}.Debug|x86.ActiveCfg = Debug|Any CPU
		{F90CCF2E-122B-453C-BA5E-DB68C8681564}.Debug|x86.Build.0 = Debug|Any CPU
		{F90CCF2E-122B-453C-BA5E-DB68C8681564}.Release|Any CPU.ActiveCfg = Release|Any CPU
		{F90CCF2E-122B-453C-BA5E-DB68C8681564}.Release|Any CPU.Build.0 = Release|Any CPU
		{F90CCF2E-122B-453C-BA5E-DB68C8681564}.Release|x64.ActiveCfg = Release|Any CPU
		{F90CCF2E-122B-453C-BA5E-DB68C8681564}.Release|x64.Build.0 = Release|Any CPU
		{F90CCF2E-122B-453C-BA5E-DB68C8681564}.Release|x86.ActiveCfg = Release|Any CPU
		{F90CCF2E-122B-453C-BA5E-DB68C8681564}.Release|x86.Build.0 = Release|Any CPU
		{A992A08F-A0B7-4448-84C8-8EED8CB8F3F2}.Debug|Any CPU.ActiveCfg = Debug|Any CPU
		{A992A08F-A0B7-4448-84C8-8EED8CB8F3F2}.Debug|Any CPU.Build.0 = Debug|Any CPU
		{A992A08F-A0B7-4448-84C8-8EED8CB8F3F2}.Debug|x64.ActiveCfg = Debug|Any CPU
		{A992A08F-A0B7-4448-84C8-8EED8CB8F3F2}.Debug|x64.Build.0 = Debug|Any CPU
		{A992A08F-A0B7-4448-84C8-8EED8CB8F3F2}.Debug|x86.ActiveCfg = Debug|Any CPU
		{A992A08F-A0B7-4448-84C8-8EED8CB8F3F2}.Debug|x86.Build.0 = Debug|Any CPU
		{A992A08F-A0B7-4448-84C8-8EED8CB8F3F2}.Release|Any CPU.ActiveCfg = Release|Any CPU
		{A992A08F-A0B7-4448-84C8-8EED8CB8F3F2}.Release|Any CPU.Build.0 = Release|Any CPU
		{A992A08F-A0B7-4448-84C8-8EED8CB8F3F2}.Release|x64.ActiveCfg = Release|Any CPU
		{A992A08F-A0B7-4448-84C8-8EED8CB8F3F2}.Release|x64.Build.0 = Release|Any CPU
		{A992A08F-A0B7-4448-84C8-8EED8CB8F3F2}.Release|x86.ActiveCfg = Release|Any CPU
		{A992A08F-A0B7-4448-84C8-8EED8CB8F3F2}.Release|x86.Build.0 = Release|Any CPU
		{4DA43061-5122-45F8-AE8F-4676B51D335C}.Debug|Any CPU.ActiveCfg = Debug|Any CPU
		{4DA43061-5122-45F8-AE8F-4676B51D335C}.Debug|Any CPU.Build.0 = Debug|Any CPU
		{4DA43061-5122-45F8-AE8F-4676B51D335C}.Debug|x64.ActiveCfg = Debug|Any CPU
		{4DA43061-5122-45F8-AE8F-4676B51D335C}.Debug|x64.Build.0 = Debug|Any CPU
		{4DA43061-5122-45F8-AE8F-4676B51D335C}.Debug|x86.ActiveCfg = Debug|Any CPU
		{4DA43061-5122-45F8-AE8F-4676B51D335C}.Debug|x86.Build.0 = Debug|Any CPU
		{4DA43061-5122-45F8-AE8F-4676B51D335C}.Release|Any CPU.ActiveCfg = Release|Any CPU
		{4DA43061-5122-45F8-AE8F-4676B51D335C}.Release|Any CPU.Build.0 = Release|Any CPU
		{4DA43061-5122-45F8-AE8F-4676B51D335C}.Release|x64.ActiveCfg = Release|Any CPU
		{4DA43061-5122-45F8-AE8F-4676B51D335C}.Release|x64.Build.0 = Release|Any CPU
		{4DA43061-5122-45F8-AE8F-4676B51D335C}.Release|x86.ActiveCfg = Release|Any CPU
		{4DA43061-5122-45F8-AE8F-4676B51D335C}.Release|x86.Build.0 = Release|Any CPU
		{031D2C56-3ABF-429A-9D6B-F790A7B7B1ED}.Debug|Any CPU.ActiveCfg = Debug|Any CPU
		{031D2C56-3ABF-429A-9D6B-F790A7B7B1ED}.Debug|Any CPU.Build.0 = Debug|Any CPU
		{031D2C56-3ABF-429A-9D6B-F790A7B7B1ED}.Debug|x64.ActiveCfg = Debug|Any CPU
		{031D2C56-3ABF-429A-9D6B-F790A7B7B1ED}.Debug|x64.Build.0 = Debug|Any CPU
		{031D2C56-3ABF-429A-9D6B-F790A7B7B1ED}.Debug|x86.ActiveCfg = Debug|Any CPU
		{031D2C56-3ABF-429A-9D6B-F790A7B7B1ED}.Debug|x86.Build.0 = Debug|Any CPU
		{031D2C56-3ABF-429A-9D6B-F790A7B7B1ED}.Release|Any CPU.ActiveCfg = Release|Any CPU
		{031D2C56-3ABF-429A-9D6B-F790A7B7B1ED}.Release|Any CPU.Build.0 = Release|Any CPU
		{031D2C56-3ABF-429A-9D6B-F790A7B7B1ED}.Release|x64.ActiveCfg = Release|Any CPU
		{031D2C56-3ABF-429A-9D6B-F790A7B7B1ED}.Release|x64.Build.0 = Release|Any CPU
		{031D2C56-3ABF-429A-9D6B-F790A7B7B1ED}.Release|x86.ActiveCfg = Release|Any CPU
		{031D2C56-3ABF-429A-9D6B-F790A7B7B1ED}.Release|x86.Build.0 = Release|Any CPU
		{04AE53DC-D2AB-4B75-9886-0EC4340AD6CE}.Debug|Any CPU.ActiveCfg = Debug|Any CPU
		{04AE53DC-D2AB-4B75-9886-0EC4340AD6CE}.Debug|Any CPU.Build.0 = Debug|Any CPU
		{04AE53DC-D2AB-4B75-9886-0EC4340AD6CE}.Debug|x64.ActiveCfg = Debug|Any CPU
		{04AE53DC-D2AB-4B75-9886-0EC4340AD6CE}.Debug|x64.Build.0 = Debug|Any CPU
		{04AE53DC-D2AB-4B75-9886-0EC4340AD6CE}.Debug|x86.ActiveCfg = Debug|Any CPU
		{04AE53DC-D2AB-4B75-9886-0EC4340AD6CE}.Debug|x86.Build.0 = Debug|Any CPU
		{04AE53DC-D2AB-4B75-9886-0EC4340AD6CE}.Release|Any CPU.ActiveCfg = Release|Any CPU
		{04AE53DC-D2AB-4B75-9886-0EC4340AD6CE}.Release|Any CPU.Build.0 = Release|Any CPU
		{04AE53DC-D2AB-4B75-9886-0EC4340AD6CE}.Release|x64.ActiveCfg = Release|Any CPU
		{04AE53DC-D2AB-4B75-9886-0EC4340AD6CE}.Release|x64.Build.0 = Release|Any CPU
		{04AE53DC-D2AB-4B75-9886-0EC4340AD6CE}.Release|x86.ActiveCfg = Release|Any CPU
		{04AE53DC-D2AB-4B75-9886-0EC4340AD6CE}.Release|x86.Build.0 = Release|Any CPU
	EndGlobalSection
	GlobalSection(SolutionProperties) = preSolution
		HideSolutionNode = FALSE
	EndGlobalSection
	GlobalSection(NestedProjects) = preSolution
		{6F39086F-6177-41E5-8510-1AAB907C0EA7} = {0AB3BF05-4346-4AA6-1389-037BE0695223}
		{1A04AF39-9617-4534-AE17-8EC786FF541D} = {0AB3BF05-4346-4AA6-1389-037BE0695223}
		{AC67E90B-2EE0-495C-8F9B-EB3E083C9548} = {827E0CD3-B72D-47B6-A68D-7590B98EB39B}
		{28B2B945-61A8-4186-AEEA-9F14B6A4D985} = {0AB3BF05-4346-4AA6-1389-037BE0695223}
		{A992A08F-A0B7-4448-84C8-8EED8CB8F3F2} = {0AB3BF05-4346-4AA6-1389-037BE0695223}
		{4DA43061-5122-45F8-AE8F-4676B51D335C} = {827E0CD3-B72D-47B6-A68D-7590B98EB39B}
		{031D2C56-3ABF-429A-9D6B-F790A7B7B1ED} = {0AB3BF05-4346-4AA6-1389-037BE0695223}
		{04AE53DC-D2AB-4B75-9886-0EC4340AD6CE} = {827E0CD3-B72D-47B6-A68D-7590B98EB39B}
	EndGlobalSection
	GlobalSection(ExtensibilityGlobals) = postSolution
		SolutionGuid = {EF4081D2-AC0C-4452-9485-455B4A0DBD93}
	EndGlobalSection
EndGlobal
